
Microsoft Visual Studio Solution File, Format Version 12.00
# Visual Studio Version 17
VisualStudioVersion = 17.13.35825.156 d17.13
MinimumVisualStudioVersion = 10.0.40219.1
Project("{8BC9CEB8-8B4A-11D0-8D11-00A0C91BC942}") = "laba", "laba\laba.vcxproj", "{14FD5AE2-5254-4B21-98F3-A33DE813F76F}"
EndProject
Global
	GlobalSection(SolutionConfigurationPlatforms) = preSolution
		Debug|x64 = Debug|x64
		Debug|x86 = Debug|x86
		Release|x64 = Release|x64
		Release|x86 = Release|x86
	EndGlobalSection
	GlobalSection(ProjectConfigurationPlatforms) = postSolution
		{14FD5AE2-5254-4B21-98F3-A33DE813F76F}.Debug|x64.ActiveCfg = Debug|x64
		{14FD5AE2-5254-4B21-98F3-A33DE813F76F}.Debug|x64.Build.0 = Debug|x64
		{14FD5AE2-5254-4B21-98F3-A33DE813F76F}.Debug|x86.ActiveCfg = Debug|Win32
		{14FD5AE2-5254-4B21-98F3-A33DE813F76F}.Debug|x86.Build.0 = Debug|Win32
		{14FD5AE2-5254-4B21-98F3-A33DE813F76F}.Release|x64.ActiveCfg = Release|x64
		{14FD5AE2-5254-4B21-98F3-A33DE813F76F}.Release|x64.Build.0 = Release|x64
		{14FD5AE2-5254-4B21-98F3-A33DE813F76F}.Release|x86.ActiveCfg = Release|Win32
		{14FD5AE2-5254-4B21-98F3-A33DE813F76F}.Release|x86.Build.0 = Release|Win32
	EndGlobalSection
	GlobalSection(SolutionProperties) = preSolution
		HideSolutionNode = FALSE
	EndGlobalSection
	GlobalSection(ExtensibilityGlobals) = postSolution
		SolutionGuid = {A30C3931-E295-420D-AA0C-B08EFACFDD79}
	EndGlobalSection
EndGlobal
